Microsoft Visual Studio Solution File, Format Version 11.00
# Visual Studio 2008

Project("{0D67CF62-D2F7-52C1-A85C-384B3E201963}") = "21num", "Assembly-CSharp.csproj", "{FE510C70-0FE0-970C-1EC3-446B478D17C7}"
EndProject
Project("{0D67CF62-D2F7-52C1-A85C-384B3E201963}") = "21num", "Assembly-CSharp-Editor.csproj", "{93F55428-07E9-6A47-BD89-37BF94E088B1}"
EndProject
Global
	GlobalSection(SolutionConfigurationPlatforms) = preSolution
		Debug|Any CPU = Debug|Any CPU
		Release|Any CPU = Release|Any CPU
	EndGlobalSection
	GlobalSection(ProjectConfigurationPlatforms) = postSolution
		{FE510C70-0FE0-970C-1EC3-446B478D17C7}.Debug|Any CPU.ActiveCfg = Debug|Any CPU
		{FE510C70-0FE0-970C-1EC3-446B478D17C7}.Debug|Any CPU.Build.0 = Debug|Any CPU
		{FE510C70-0FE0-970C-1EC3-446B478D17C7}.Release|Any CPU.ActiveCfg = Release|Any CPU
		{FE510C70-0FE0-970C-1EC3-446B478D17C7}.Release|Any CPU.Build.0 = Release|Any CPU
		{93F55428-07E9-6A47-BD89-37BF94E088B1}.Debug|Any CPU.ActiveCfg = Debug|Any CPU
		{93F55428-07E9-6A47-BD89-37BF94E088B1}.Debug|Any CPU.Build.0 = Debug|Any CPU
		{93F55428-07E9-6A47-BD89-37BF94E088B1}.Release|Any CPU.ActiveCfg = Release|Any CPU
		{93F55428-07E9-6A47-BD89-37BF94E088B1}.Release|Any CPU.Build.0 = Release|Any CPU
	EndGlobalSection
	GlobalSection(SolutionProperties) = preSolution
		HideSolutionNode = FALSE
	EndGlobalSection
	GlobalSection(MonoDevelopProperties) = preSolution
		StartupItem = Assembly-CSharp.csproj
	EndGlobalSection
EndGlobal
